
Microsoft Visual Studio Solution File, Format Version 12.00
# Visual Studio Version 17
VisualStudioVersion = 17.5.33530.505
MinimumVisualStudioVersion = 10.0.40219.1
Project("{9A19103F-16F7-4668-BE54-9A1E7A4F7556}") = "StorageApplication", "StorageApplication\StorageApplication.csproj", "{FAD4B0D7-6695-4520-8684-EB6AD97DAF4D}"
EndProject
Project("{FAE04EC0-301F-11D3-BF4B-00C04F79EFBC}") = "Application", "Application\Application.csproj", "{666BB0F1-E49A-4AB6-8235-E478E0268BFE}"
EndProject
Project("{FAE04EC0-301F-11D3-BF4B-00C04F79EFBC}") = "Core", "Core\Core.csproj", "{C4E746BB-C891-451E-880F-83209124A1D8}"
EndProject
Project("{FAE04EC0-301F-11D3-BF4B-00C04F79EFBC}") = "DataAccess", "DataAccess\DataAccess.csproj", "{F8B3E0A4-380A-4D04-8AC1-52ADC131896A}"
EndProject
Project("{FAE04EC0-301F-11D3-BF4B-00C04F79EFBC}") = "Entities", "Entities\Entities.csproj", "{F314F43F-AEFC-4707-94DC-326E4F9611BC}"
EndProject
Global
	GlobalSection(SolutionConfigurationPlatforms) = preSolution
		Debug|Any CPU = Debug|Any CPU
		Release|Any CPU = Release|Any CPU
	EndGlobalSection
	GlobalSection(ProjectConfigurationPlatforms) = postSolution
		{FAD4B0D7-6695-4520-8684-EB6AD97DAF4D}.Debug|Any CPU.ActiveCfg = Debug|Any CPU
		{FAD4B0D7-6695-4520-8684-EB6AD97DAF4D}.Debug|Any CPU.Build.0 = Debug|Any CPU
		{FAD4B0D7-6695-4520-8684-EB6AD97DAF4D}.Release|Any CPU.ActiveCfg = Release|Any CPU
		{FAD4B0D7-6695-4520-8684-EB6AD97DAF4D}.Release|Any CPU.Build.0 = Release|Any CPU
		{666BB0F1-E49A-4AB6-8235-E478E0268BFE}.Debug|Any CPU.ActiveCfg = Debug|Any CPU
		{666BB0F1-E49A-4AB6-8235-E478E0268BFE}.Debug|Any CPU.Build.0 = Debug|Any CPU
		{666BB0F1-E49A-4AB6-8235-E478E0268BFE}.Release|Any CPU.ActiveCfg = Release|Any CPU
		{666BB0F1-E49A-4AB6-8235-E478E0268BFE}.Release|Any CPU.Build.0 = Release|Any CPU
		{C4E746BB-C891-451E-880F-83209124A1D8}.Debug|Any CPU.ActiveCfg = Debug|Any CPU
		{C4E746BB-C891-451E-880F-83209124A1D8}.Debug|Any CPU.Build.0 = Debug|Any CPU
		{C4E746BB-C891-451E-880F-83209124A1D8}.Release|Any CPU.ActiveCfg = Release|Any CPU
		{C4E746BB-C891-451E-880F-83209124A1D8}.Release|Any CPU.Build.0 = Release|Any CPU
		{F8B3E0A4-380A-4D04-8AC1-52ADC131896A}.Debug|Any CPU.ActiveCfg = Debug|Any CPU
		{F8B3E0A4-380A-4D04-8AC1-52ADC131896A}.Debug|Any CPU.Build.0 = Debug|Any CPU
		{F8B3E0A4-380A-4D04-8AC1-52ADC131896A}.Release|Any CPU.ActiveCfg = Release|Any CPU
		{F8B3E0A4-380A-4D04-8AC1-52ADC131896A}.Release|Any CPU.Build.0 = Release|Any CPU
		{F314F43F-AEFC-4707-94DC-326E4F9611BC}.Debug|Any CPU.ActiveCfg = Debug|Any CPU
		{F314F43F-AEFC-4707-94DC-326E4F9611BC}.Debug|Any CPU.Build.0 = Debug|Any CPU
		{F314F43F-AEFC-4707-94DC-326E4F9611BC}.Release|Any CPU.ActiveCfg = Release|Any CPU
		{F314F43F-AEFC-4707-94DC-326E4F9611BC}.Release|Any CPU.Build.0 = Release|Any CPU
	EndGlobalSection
	GlobalSection(SolutionProperties) = preSolution
		HideSolutionNode = FALSE
	EndGlobalSection
	GlobalSection(ExtensibilityGlobals) = postSolution
		SolutionGuid = {28939985-9220-44A5-A182-0694A3227D02}
	EndGlobalSection
EndGlobal
